
Microsoft Visual Studio Solution File, Format Version 9.00
# Visual Studio 2005
Project("{FAE04EC0-301F-11D3-BF4B-00C04F79EFBC}") = "PCI1500_NET", "PCI1500_NET.csproj", "{BF799877-BCDD-41DB-A5F0-7C1695E1E555}"
EndProject
Global
	GlobalSection(SolutionConfigurationPlatforms) = preSolution
		Debug|Any CPU = Debug|Any CPU
		Release|Any CPU = Release|Any CPU
	EndGlobalSection
	GlobalSection(ProjectConfigurationPlatforms) = postSolution
		{BF799877-BCDD-41DB-A5F0-7C1695E1E555}.Debug|Any CPU.ActiveCfg = Debug|Any CPU
		{BF799877-BCDD-41DB-A5F0-7C1695E1E555}.Debug|Any CPU.Build.0 = Debug|Any CPU
		{BF799877-BCDD-41DB-A5F0-7C1695E1E555}.Release|Any CPU.ActiveCfg = Release|Any CPU
		{BF799877-BCDD-41DB-A5F0-7C1695E1E555}.Release|Any CPU.Build.0 = Release|Any CPU
	EndGlobalSection
	GlobalSection(SolutionProperties) = preSolution
		HideSolutionNode = FALSE
	EndGlobalSection
EndGlobal
