
Microsoft Visual Studio Solution File, Format Version 9.00
# Visual Studio 2005
Project("{FAE04EC0-301F-11D3-BF4B-00C04F79EFBC}") = "CounterInterrupt", "CounterInterrupt.csproj", "{CEE809EB-A5E0-4540-8D05-039DD1B23ACD}"
EndProject
Global
	GlobalSection(SolutionConfigurationPlatforms) = preSolution
		Debug|Any CPU = Debug|Any CPU
		Release|Any CPU = Release|Any CPU
	EndGlobalSection
	GlobalSection(ProjectConfigurationPlatforms) = postSolution
		{CEE809EB-A5E0-4540-8D05-039DD1B23ACD}.Debug|Any CPU.ActiveCfg = Debug|Any CPU
		{CEE809EB-A5E0-4540-8D05-039DD1B23ACD}.Debug|Any CPU.Build.0 = Debug|Any CPU
		{CEE809EB-A5E0-4540-8D05-039DD1B23ACD}.Release|Any CPU.ActiveCfg = Release|Any CPU
		{CEE809EB-A5E0-4540-8D05-039DD1B23ACD}.Release|Any CPU.Build.0 = Release|Any CPU
	EndGlobalSection
	GlobalSection(SolutionProperties) = preSolution
		HideSolutionNode = FALSE
	EndGlobalSection
EndGlobal
